%{
  "kino": {:git, "https://github.com/livebook-dev/kino.git", "3611e2a6a5b2fc6e207beb585a441f3c53b6700a", []},
  "live_slide": {:git, "https://github.com/brooklinjazz/live_slide.git", "fd03f15b2f883679527e958df7388353df31a51a", []},
  "vega_lite": {:hex, :vega_lite, "0.1.3", "38eeb47d66a881086d0e596b592e3aa75084115d00315c387716c131684f3513", [:mix], [], "hexpm", "ea6e8f951944144b15f26d0b33c255c2b1b553a65e3fffcd91784bfdc56ebb54"},
}
