%{
  "benchee": {:hex, :benchee, "0.99.0", "0efbfc31045ad2f75a48673bd1befa8a6a5855e93b8c3117aed7d7da8de65b71", [:mix], [{:deep_merge, "~> 1.0", [hex: :deep_merge, repo: "hexpm", optional: false]}], "hexpm", "672d8e9436471b7d5b77ca5be3ad69d065553e7ed8c5db29bb3d662378104618"},
  "decimal": {:hex, :decimal, "2.0.0", "a78296e617b0f5dd4c6caf57c714431347912ffb1d0842e998e9792b5642d697", [:mix], [], "hexpm", "34666e9c55dea81013e77d9d87370fe6cb6291d1ef32f46a1600230b1d44f577"},
  "deep_merge": {:hex, :deep_merge, "1.0.0", "b4aa1a0d1acac393bdf38b2291af38cb1d4a52806cf7a4906f718e1feb5ee961", [:mix], [], "hexpm", "ce708e5f094b9cd4e8f2be4f00d2f4250c4095be93f8cd6d018c753894885430"},
  "ecto": {:hex, :ecto, "3.7.1", "a20598862351b29f80f285b21ec5297da1181c0442687f9b8329f0445d228892", [:mix], [{:decimal, "~> 1.6 or ~> 2.0", [hex: :decimal, repo: "hexpm", optional: false]}, {:jason, "~> 1.0", [hex: :jason, repo: "hexpm", optional: true]}, {:telemetry, "~> 0.4 or ~> 1.0", [hex: :telemetry, repo: "hexpm", optional: false]}], "hexpm", "d36e5b39fc479e654cffd4dbe1865d9716e4a9b6311faff799b6f90ab81b8638"},
  "kino": {:git, "https://github.com/livebook-dev/kino.git", "3611e2a6a5b2fc6e207beb585a441f3c53b6700a", []},
  "live_slide": {:git, "https://github.com/brooklinjazz/live_slide.git", "fd03f15b2f883679527e958df7388353df31a51a", []},
  "math": {:hex, :math, "0.7.0", "12af548c3892abf939a2e242216c3e7cbfb65b9b2fe0d872d05c6fb609f8127b", [:mix], [], "hexpm", "7987af97a0c6b58ad9db43eb5252a49fc1dfe1f6d98f17da9282e297f594ebc2"},
  "telemetry": {:hex, :telemetry, "1.0.0", "0f453a102cdf13d506b7c0ab158324c337c41f1cc7548f0bc0e130bbf0ae9452", [:rebar3], [], "hexpm", "73bc09fa59b4a0284efb4624335583c528e07ec9ae76aca96ea0673850aec57a"},
  "vega_lite": {:hex, :vega_lite, "0.1.3", "38eeb47d66a881086d0e596b592e3aa75084115d00315c387716c131684f3513", [:mix], [], "hexpm", "ea6e8f951944144b15f26d0b33c255c2b1b553a65e3fffcd91784bfdc56ebb54"},
}
